<?xml version="1.0" encoding="utf-8"?>
<Project ToolsVersion="4.0" xmlns="http://schemas.microsoft.com/developer/msbuild/2003">
  <ItemGroup>
    <Filter Include="COSMAC">
      <UniqueIdentifier>{5B0AEDA9-47AC-1780-3067-2BD41CA89ED0}</UniqueIdentifier>
    </Filter>
    <Filter Include="COSMAC\Events">
      <UniqueIdentifier>{DF217AF6-4BE2-F52C-141D-3FAA809C3A09}</UniqueIdentifier>
    </Filter>
    <Filter Include="COSMAC\ImGui">
      <UniqueIdentifier>{C597083E-B1FA-97E2-5A80-D09846C26365}</UniqueIdentifier>
    </Filter>
    <Filter Include="COSMAC\Renderer">
      <UniqueIdentifier>{61248574-CDAF-F238-D6C0-752D42CB4E39}</UniqueIdentifier>
    </Filter>
    <Filter Include="Platform">
      <UniqueIdentifier>{2AC788B4-1694-E3BF-3FAD-D1672BD9184E}</UniqueIdentifier>
    </Filter>
    <Filter Include="Platform\OpenGL">
      <UniqueIdentifier>{1E7D2C1D-8A08-9AE1-9319-1DD6FF23F6E1}</UniqueIdentifier>
    </Filter>
    <Filter Include="Platform\Windows">
      <UniqueIdentifier>{64FBD71A-50F4-F66C-7926-DCF1657ED678}</UniqueIdentifier>
    </Filter>
  </ItemGroup>
  <ItemGroup>
    <ClInclude Include="src\COSMAC.h" />
    <ClInclude Include="src\COSMAC\Application.h">
      <Filter>COSMAC</Filter>
    </ClInclude>
    <ClInclude Include="src\COSMAC\Core.h">
      <Filter>COSMAC</Filter>
    </ClInclude>
    <ClInclude Include="src\COSMAC\EntryPoint.h">
      <Filter>COSMAC</Filter>
    </ClInclude>
    <ClInclude Include="src\COSMAC\Events\ApplicationEvent.h">
      <Filter>COSMAC\Events</Filter>
    </ClInclude>
    <ClInclude Include="src\COSMAC\Events\Event.h">
      <Filter>COSMAC\Events</Filter>
    </ClInclude>
    <ClInclude Include="src\COSMAC\Events\KeyEvent.h">
      <Filter>COSMAC\Events</Filter>
    </ClInclude>
    <ClInclude Include="src\COSMAC\Events\MouseEvent.h">
      <Filter>COSMAC\Events</Filter>
    </ClInclude>
    <ClInclude Include="src\COSMAC\ImGui\ImGuiLayer.h">
      <Filter>COSMAC\ImGui</Filter>
    </ClInclude>
    <ClInclude Include="src\COSMAC\Input.h">
      <Filter>COSMAC</Filter>
    </ClInclude>
    <ClInclude Include="src\COSMAC\KeyCodes.h">
      <Filter>COSMAC</Filter>
    </ClInclude>
    <ClInclude Include="src\COSMAC\Layer.h">
      <Filter>COSMAC</Filter>
    </ClInclude>
    <ClInclude Include="src\COSMAC\LayerStack.h">
      <Filter>COSMAC</Filter>
    </ClInclude>
    <ClInclude Include="src\COSMAC\Log.h">
      <Filter>COSMAC</Filter>
    </ClInclude>
    <ClInclude Include="src\COSMAC\MouseButtonCodes.h">
      <Filter>COSMAC</Filter>
    </ClInclude>
    <ClInclude Include="src\COSMAC\Renderer\GraphicsContext.h">
      <Filter>COSMAC\Renderer</Filter>
    </ClInclude>
    <ClInclude Include="src\COSMAC\Window.h">
      <Filter>COSMAC</Filter>
    </ClInclude>
    <ClInclude Include="src\Platform\OpenGL\OpenGLContext.h">
      <Filter>Platform\OpenGL</Filter>
    </ClInclude>
    <ClInclude Include="src\Platform\Windows\WinInput.h">
      <Filter>Platform\Windows</Filter>
    </ClInclude>
    <ClInclude Include="src\Platform\Windows\WinWindow.h">
      <Filter>Platform\Windows</Filter>
    </ClInclude>
    <ClInclude Include="src\cpch.h" />
    <ClInclude Include="src\COSMAC\Renderer\Shader.h" />
  </ItemGroup>
  <ItemGroup>
    <ClCompile Include="src\COSMAC\Application.cpp">
      <Filter>COSMAC</Filter>
    </ClCompile>
    <ClCompile Include="src\COSMAC\ImGui\ImGuiBuild.cpp">
      <Filter>COSMAC\ImGui</Filter>
    </ClCompile>
    <ClCompile Include="src\COSMAC\ImGui\ImGuiLayer.cpp">
      <Filter>COSMAC\ImGui</Filter>
    </ClCompile>
    <ClCompile Include="src\COSMAC\Layer.cpp">
      <Filter>COSMAC</Filter>
    </ClCompile>
    <ClCompile Include="src\COSMAC\LayerStack.cpp">
      <Filter>COSMAC</Filter>
    </ClCompile>
    <ClCompile Include="src\COSMAC\Log.cpp">
      <Filter>COSMAC</Filter>
    </ClCompile>
    <ClCompile Include="src\Platform\OpenGL\OpenGLContext.cpp">
      <Filter>Platform\OpenGL</Filter>
    </ClCompile>
    <ClCompile Include="src\Platform\Windows\WinInput.cpp">
      <Filter>Platform\Windows</Filter>
    </ClCompile>
    <ClCompile Include="src\Platform\Windows\WinWindow.cpp">
      <Filter>Platform\Windows</Filter>
    </ClCompile>
    <ClCompile Include="src\cpch.cpp" />
    <ClCompile Include="src\COSMAC\Renderer\Shader.cpp" />
  </ItemGroup>
</Project>